
Microsoft Visual Studio Solution File, Format Version 12.00
# Visual Studio Version 17
VisualStudioVersion = 17.0.31903.59
MinimumVisualStudioVersion = 10.0.40219.1
Project("{FAE04EC0-301F-11D3-BF4B-00C04F79EFBC}") = "backend", "backend\backend.csproj", "{A64051A4-2DC4-4FA1-B70C-32B6F8CB938A}"
EndProject
Project("{FAE04EC0-301F-11D3-BF4B-00C04F79EFBC}") = "backend.Tests", "backend.Tests\backend.Tests.csproj", "{4FA5B9E4-93D1-4B51-AD4B-50BF75B24648}"
EndProject
Global
	GlobalSection(SolutionConfigurationPlatforms) = preSolution
		Debug|Any CPU = Debug|Any CPU
		Release|Any CPU = Release|Any CPU
	EndGlobalSection
	GlobalSection(SolutionProperties) = preSolution
		HideSolutionNode = FALSE
	EndGlobalSection
	GlobalSection(ProjectConfigurationPlatforms) = postSolution
		{A64051A4-2DC4-4FA1-B70C-32B6F8CB938A}.Debug|Any CPU.ActiveCfg = Debug|Any CPU
		{A64051A4-2DC4-4FA1-B70C-32B6F8CB938A}.Debug|Any CPU.Build.0 = Debug|Any CPU
		{A64051A4-2DC4-4FA1-B70C-32B6F8CB938A}.Release|Any CPU.ActiveCfg = Release|Any CPU
		{A64051A4-2DC4-4FA1-B70C-32B6F8CB938A}.Release|Any CPU.Build.0 = Release|Any CPU
		{4FA5B9E4-93D1-4B51-AD4B-50BF75B24648}.Debug|Any CPU.ActiveCfg = Debug|Any CPU
		{4FA5B9E4-93D1-4B51-AD4B-50BF75B24648}.Debug|Any CPU.Build.0 = Debug|Any CPU
		{4FA5B9E4-93D1-4B51-AD4B-50BF75B24648}.Release|Any CPU.ActiveCfg = Release|Any CPU
		{4FA5B9E4-93D1-4B51-AD4B-50BF75B24648}.Release|Any CPU.Build.0 = Release|Any CPU
	EndGlobalSection
EndGlobal
